
Microsoft Visual Studio Solution File, Format Version 12.00
# Visual Studio Version 16
VisualStudioVersion = 16.0.32106.194
MinimumVisualStudioVersion = 10.0.40219.1
Project("{9A19103F-16F7-4668-BE54-9A1E7A4F7556}") = "InternTask", "JuniorTasks\InternTask.csproj", "{356BFD25-346F-4EF4-ABA8-1E5EA65E3E7A}"
EndProject
Project("{FAE04EC0-301F-11D3-BF4B-00C04F79EFBC}") = "JuniorTask", "JuniorTask\JuniorTask.csproj", "{F66C15FA-B3A8-406C-A337-A248E8AD7C1C}"
EndProject
Global
	GlobalSection(SolutionConfigurationPlatforms) = preSolution
		Debug|Any CPU = Debug|Any CPU
		Release|Any CPU = Release|Any CPU
	EndGlobalSection
	GlobalSection(ProjectConfigurationPlatforms) = postSolution
		{356BFD25-346F-4EF4-ABA8-1E5EA65E3E7A}.Debug|Any CPU.ActiveCfg = Debug|Any CPU
		{356BFD25-346F-4EF4-ABA8-1E5EA65E3E7A}.Debug|Any CPU.Build.0 = Debug|Any CPU
		{356BFD25-346F-4EF4-ABA8-1E5EA65E3E7A}.Release|Any CPU.ActiveCfg = Release|Any CPU
		{356BFD25-346F-4EF4-ABA8-1E5EA65E3E7A}.Release|Any CPU.Build.0 = Release|Any CPU
		{F66C15FA-B3A8-406C-A337-A248E8AD7C1C}.Debug|Any CPU.ActiveCfg = Debug|Any CPU
		{F66C15FA-B3A8-406C-A337-A248E8AD7C1C}.Debug|Any CPU.Build.0 = Debug|Any CPU
		{F66C15FA-B3A8-406C-A337-A248E8AD7C1C}.Release|Any CPU.ActiveCfg = Release|Any CPU
		{F66C15FA-B3A8-406C-A337-A248E8AD7C1C}.Release|Any CPU.Build.0 = Release|Any CPU
	EndGlobalSection
	GlobalSection(SolutionProperties) = preSolution
		HideSolutionNode = FALSE
	EndGlobalSection
	GlobalSection(ExtensibilityGlobals) = postSolution
		SolutionGuid = {3C21CF3A-15C1-4AA6-9312-759F743DEBCD}
	EndGlobalSection
EndGlobal
